// !$*UTF8*$!
{
	archiveVersion = 1;
	classes = {
	};
	objectVersion = 46;
	objects = {

/* Begin PBXBuildFile section */
		061FF06A1E7ED5FF0075F033 /* AppDelegate.swift in Sources */ = {isa = PBXBuildFile; fileRef = 061FF0691E7ED5FF0075F033 /* AppDelegate.swift */; };
		061FF06C1E7ED5FF0075F033 /* MainViewController.swift in Sources */ = {isa = PBXBuildFile; fileRef = 061FF06B1E7ED5FF0075F033 /* MainViewController.swift */; };
		061FF06F1E7ED5FF0075F033 /* Main.storyboard in Resources */ = {isa = PBXBuildFile; fileRef = 061FF06D1E7ED5FF0075F033 /* Main.storyboard */; };
		061FF0711E7ED5FF0075F033 /* Assets.xcassets in Resources */ = {isa = PBXBuildFile; fileRef = 061FF0701E7ED5FF0075F033 /* Assets.xcassets */; };
		061FF0741E7ED5FF0075F033 /* LaunchScreen.storyboard in Resources */ = {isa = PBXBuildFile; fileRef = 061FF0721E7ED5FF0075F033 /* LaunchScreen.storyboard */; };
		061FF07F1E7ED5FF0075F033 /* Yard_SaleTests.swift in Sources */ = {isa = PBXBuildFile; fileRef = 061FF07E1E7ED5FF0075F033 /* Yard_SaleTests.swift */; };
		061FF08A1E7ED5FF0075F033 /* Yard_SaleUITests.swift in Sources */ = {isa = PBXBuildFile; fileRef = 061FF0891E7ED5FF0075F033 /* Yard_SaleUITests.swift */; };
		065DBC261E8431B8002FE5E6 /* Utility.swift in Sources */ = {isa = PBXBuildFile; fileRef = 065DBC251E8431B8002FE5E6 /* Utility.swift */; };
		065EA8D01E815C3400CA09F4 /* LoginViewController.swift in Sources */ = {isa = PBXBuildFile; fileRef = 065EA8CF1E815C3400CA09F4 /* LoginViewController.swift */; };
		065EA8D21E815C4D00CA09F4 /* ResetPasswordViewController.swift in Sources */ = {isa = PBXBuildFile; fileRef = 065EA8D11E815C4D00CA09F4 /* ResetPasswordViewController.swift */; };
		065EA8D41E8412F900CA09F4 /* User.swift in Sources */ = {isa = PBXBuildFile; fileRef = 065EA8D31E8412F900CA09F4 /* User.swift */; };
		065EA8D81E8413D100CA09F4 /* Foundation.framework in Frameworks */ = {isa = PBXBuildFile; fileRef = 065EA8D61E8413D100CA09F4 /* Foundation.framework */; };
		065EA8D91E8413D100CA09F4 /* Security.framework in Frameworks */ = {isa = PBXBuildFile; fileRef = 065EA8D71E8413D100CA09F4 /* Security.framework */; };
		06A44B541E808380007ECDC0 /* GoogleService-Info.plist in Resources */ = {isa = PBXBuildFile; fileRef = 06A44B531E808380007ECDC0 /* GoogleService-Info.plist */; };
		06E86F4C1E855D8D009E3D75 /* MenuViewController.swift in Sources */ = {isa = PBXBuildFile; fileRef = 06E86F4B1E855D8D009E3D75 /* MenuViewController.swift */; };
		06E86F4E1E855E60009E3D75 /* BaseViewController.swift in Sources */ = {isa = PBXBuildFile; fileRef = 06E86F4D1E855E60009E3D75 /* BaseViewController.swift */; };
		06F6B7161E859D66009277DE /* EventTableViewCell.swift in Sources */ = {isa = PBXBuildFile; fileRef = 06F6B7151E859D66009277DE /* EventTableViewCell.swift */; };
		314FBD6D89F76338468C9E6C /* Pods_Yard_Sale.framework in Frameworks */ = {isa = PBXBuildFile; fileRef = 12F91F444C7A938EACA6AE3D /* Pods_Yard_Sale.framework */; };
		3410EA02D7526A37F4DAA1CE /* Pods_Yard_SaleUITests.framework in Frameworks */ = {isa = PBXBuildFile; fileRef = 8F67BBF3D063DDA42386B4DF /* Pods_Yard_SaleUITests.framework */; };
		3DC06E68638FC3E7CCEEF161 /* Pods_Yard_SaleTests.framework in Frameworks */ = {isa = PBXBuildFile; fileRef = 85969B8D32E85771FD84BB2E /* Pods_Yard_SaleTests.framework */; };
/* End PBXBuildFile section */

/* Begin PBXContainerItemProxy section */
		061FF07B1E7ED5FF0075F033 /* PBXContainerItemProxy */ = {
			isa = PBXContainerItemProxy;
			containerPortal = 061FF05E1E7ED5FE0075F033 /* Project object */;
			proxyType = 1;
			remoteGlobalIDString = 061FF0651E7ED5FE0075F033;
			remoteInfo = "Yard Sale";
		};
		061FF0861E7ED5FF0075F033 /* PBXContainerItemProxy */ = {
			isa = PBXContainerItemProxy;
			containerPortal = 061FF05E1E7ED5FE0075F033 /* Project object */;
			proxyType = 1;
			remoteGlobalIDString = 061FF0651E7ED5FE0075F033;
			remoteInfo = "Yard Sale";
		};
/* End PBXContainerItemProxy section */

/* Begin PBXCopyFilesBuildPhase section */
		06A44B4F1E7F4ABB007ECDC0 /* Embed Frameworks */ = {
			isa = PBXCopyFilesBuildPhase;
			buildActionMask = 2147483647;
			dstPath = "";
			dstSubfolderSpec = 10;
			files = (
			);
			name = "Embed Frameworks";
			runOnlyForDeploymentPostprocessing = 0;
		};
/* End PBXCopyFilesBuildPhase section */

/* Begin PBXFileReference section */
		061FF0661E7ED5FF0075F033 /* Yard Sale.app */ = {isa = PBXFileReference; explicitFileType = wrapper.application; includeInIndex = 0; path = "Yard Sale.app"; sourceTree = BUILT_PRODUCTS_DIR; };
		061FF0691E7ED5FF0075F033 /* AppDelegate.swift */ = {isa = PBXFileReference; lastKnownFileType = sourcecode.swift; path = AppDelegate.swift; sourceTree = "<group>"; };
		061FF06B1E7ED5FF0075F033 /* MainViewController.swift */ = {isa = PBXFileReference; lastKnownFileType = sourcecode.swift; path = MainViewController.swift; sourceTree = "<group>"; };
		061FF06E1E7ED5FF0075F033 /* Base */ = {isa = PBXFileReference; lastKnownFileType = file.storyboard; name = Base; path = Base.lproj/Main.storyboard; sourceTree = "<group>"; };
		061FF0701E7ED5FF0075F033 /* Assets.xcassets */ = {isa = PBXFileReference; lastKnownFileType = folder.assetcatalog; path = Assets.xcassets; sourceTree = "<group>"; };
		061FF0731E7ED5FF0075F033 /* Base */ = {isa = PBXFileReference; lastKnownFileType = file.storyboard; name = Base; path = Base.lproj/LaunchScreen.storyboard; sourceTree = "<group>"; };
		061FF0751E7ED5FF0075F033 /* Info.plist */ = {isa = PBXFileReference; lastKnownFileType = text.plist.xml; path = Info.plist; sourceTree = "<group>"; };
		061FF07A1E7ED5FF0075F033 /* Yard SaleTests.xctest */ = {isa = PBXFileReference; explicitFileType = wrapper.cfbundle; includeInIndex = 0; path = "Yard SaleTests.xctest"; sourceTree = BUILT_PRODUCTS_DIR; };
		061FF07E1E7ED5FF0075F033 /* Yard_SaleTests.swift */ = {isa = PBXFileReference; lastKnownFileType = sourcecode.swift; path = Yard_SaleTests.swift; sourceTree = "<group>"; };
		061FF0801E7ED5FF0075F033 /* Info.plist */ = {isa = PBXFileReference; lastKnownFileType = text.plist.xml; path = Info.plist; sourceTree = "<group>"; };
		061FF0851E7ED5FF0075F033 /* Yard SaleUITests.xctest */ = {isa = PBXFileReference; explicitFileType = wrapper.cfbundle; includeInIndex = 0; path = "Yard SaleUITests.xctest"; sourceTree = BUILT_PRODUCTS_DIR; };
		061FF0891E7ED5FF0075F033 /* Yard_SaleUITests.swift */ = {isa = PBXFileReference; lastKnownFileType = sourcecode.swift; path = Yard_SaleUITests.swift; sourceTree = "<group>"; };
		061FF08B1E7ED5FF0075F033 /* Info.plist */ = {isa = PBXFileReference; lastKnownFileType = text.plist.xml; path = Info.plist; sourceTree = "<group>"; };
		065DBC251E8431B8002FE5E6 /* Utility.swift */ = {isa = PBXFileReference; fileEncoding = 4; lastKnownFileType = sourcecode.swift; path = Utility.swift; sourceTree = "<group>"; };
		065EA8CF1E815C3400CA09F4 /* LoginViewController.swift */ = {isa = PBXFileReference; fileEncoding = 4; lastKnownFileType = sourcecode.swift; path = LoginViewController.swift; sourceTree = "<group>"; };
		065EA8D11E815C4D00CA09F4 /* ResetPasswordViewController.swift */ = {isa = PBXFileReference; fileEncoding = 4; lastKnownFileType = sourcecode.swift; path = ResetPasswordViewController.swift; sourceTree = "<group>"; };
		065EA8D31E8412F900CA09F4 /* User.swift */ = {isa = PBXFileReference; fileEncoding = 4; lastKnownFileType = sourcecode.swift; path = User.swift; sourceTree = "<group>"; };
		065EA8D61E8413D100CA09F4 /* Foundation.framework */ = {isa = PBXFileReference; lastKnownFileType = wrapper.framework; name = Foundation.framework; path = Platforms/iPhoneOS.platform/Developer/SDKs/iPhoneOS10.0.sdk/System/Library/Frameworks/Foundation.framework; sourceTree = DEVELOPER_DIR; };
		065EA8D71E8413D100CA09F4 /* Security.framework */ = {isa = PBXFileReference; lastKnownFileType = wrapper.framework; name = Security.framework; path = Platforms/iPhoneOS.platform/Developer/SDKs/iPhoneOS10.0.sdk/System/Library/Frameworks/Security.framework; sourceTree = DEVELOPER_DIR; };
		06A44B531E808380007ECDC0 /* GoogleService-Info.plist */ = {isa = PBXFileReference; fileEncoding = 4; lastKnownFileType = text.plist.xml; path = "GoogleService-Info.plist"; sourceTree = "<group>"; };
		06E86F4B1E855D8D009E3D75 /* MenuViewController.swift */ = {isa = PBXFileReference; fileEncoding = 4; lastKnownFileType = sourcecode.swift; path = MenuViewController.swift; sourceTree = "<group>"; };
		06E86F4D1E855E60009E3D75 /* BaseViewController.swift */ = {isa = PBXFileReference; fileEncoding = 4; lastKnownFileType = sourcecode.swift; path = BaseViewController.swift; sourceTree = "<group>"; };
		06F6B7151E859D66009277DE /* EventTableViewCell.swift */ = {isa = PBXFileReference; fileEncoding = 4; lastKnownFileType = sourcecode.swift; path = EventTableViewCell.swift; sourceTree = "<group>"; };
		12F91F444C7A938EACA6AE3D /* Pods_Yard_Sale.framework */ = {isa = PBXFileReference; explicitFileType = wrapper.framework; includeInIndex = 0; path = Pods_Yard_Sale.framework; sourceTree = BUILT_PRODUCTS_DIR; };
		197B33F84B91DB4F3471D44F /* Pods-Yard SaleUITests.debug.xcconfig */ = {isa = PBXFileReference; includeInIndex = 1; lastKnownFileType = text.xcconfig; name = "Pods-Yard SaleUITests.debug.xcconfig"; path = "Pods/Target Support Files/Pods-Yard SaleUITests/Pods-Yard SaleUITests.debug.xcconfig"; sourceTree = "<group>"; };
		3731C5412FF82B366F8826BC /* Pods-Yard SaleUITests.release.xcconfig */ = {isa = PBXFileReference; includeInIndex = 1; lastKnownFileType = text.xcconfig; name = "Pods-Yard SaleUITests.release.xcconfig"; path = "Pods/Target Support Files/Pods-Yard SaleUITests/Pods-Yard SaleUITests.release.xcconfig"; sourceTree = "<group>"; };
		67F2EBF0BE4790C51E97CD54 /* Pods-Yard SaleTests.debug.xcconfig */ = {isa = PBXFileReference; includeInIndex = 1; lastKnownFileType = text.xcconfig; name = "Pods-Yard SaleTests.debug.xcconfig"; path = "Pods/Target Support Files/Pods-Yard SaleTests/Pods-Yard SaleTests.debug.xcconfig"; sourceTree = "<group>"; };
		85969B8D32E85771FD84BB2E /* Pods_Yard_SaleTests.framework */ = {isa = PBXFileReference; explicitFileType = wrapper.framework; includeInIndex = 0; path = Pods_Yard_SaleTests.framework; sourceTree = BUILT_PRODUCTS_DIR; };
		8F67BBF3D063DDA42386B4DF /* Pods_Yard_SaleUITests.framework */ = {isa = PBXFileReference; explicitFileType = wrapper.framework; includeInIndex = 0; path = Pods_Yard_SaleUITests.framework; sourceTree = BUILT_PRODUCTS_DIR; };
		A172870025ABAA9E171632A2 /* Pods-Yard SaleTests.release.xcconfig */ = {isa = PBXFileReference; includeInIndex = 1; lastKnownFileType = text.xcconfig; name = "Pods-Yard SaleTests.release.xcconfig"; path = "Pods/Target Support Files/Pods-Yard SaleTests/Pods-Yard SaleTests.release.xcconfig"; sourceTree = "<group>"; };
		F6E601D115674BFB3AD44103 /* Pods-Yard Sale.release.xcconfig */ = {isa = PBXFileReference; includeInIndex = 1; lastKnownFileType = text.xcconfig; name = "Pods-Yard Sale.release.xcconfig"; path = "Pods/Target Support Files/Pods-Yard Sale/Pods-Yard Sale.release.xcconfig"; sourceTree = "<group>"; };
		F896DD8403579E103020CD16 /* Pods-Yard Sale.debug.xcconfig */ = {isa = PBXFileReference; includeInIndex = 1; lastKnownFileType = text.xcconfig; name = "Pods-Yard Sale.debug.xcconfig"; path = "Pods/Target Support Files/Pods-Yard Sale/Pods-Yard Sale.debug.xcconfig"; sourceTree = "<group>"; };
/* End PBXFileReference section */

/* Begin PBXFrameworksBuildPhase section */
		061FF0631E7ED5FE0075F033 /* Frameworks */ = {
			isa = PBXFrameworksBuildPhase;
			buildActionMask = 2147483647;
			files = (
				314FBD6D89F76338468C9E6C /* Pods_Yard_Sale.framework in Frameworks */,
				065EA8D81E8413D100CA09F4 /* Foundation.framework in Frameworks */,
				065EA8D91E8413D100CA09F4 /* Security.framework in Frameworks */,
			);
			runOnlyForDeploymentPostprocessing = 0;
		};
		061FF0771E7ED5FF0075F033 /* Frameworks */ = {
			isa = PBXFrameworksBuildPhase;
			buildActionMask = 2147483647;
			files = (
				3DC06E68638FC3E7CCEEF161 /* Pods_Yard_SaleTests.framework in Frameworks */,
			);
			runOnlyForDeploymentPostprocessing = 0;
		};
		061FF0821E7ED5FF0075F033 /* Frameworks */ = {
			isa = PBXFrameworksBuildPhase;
			buildActionMask = 2147483647;
			files = (
				3410EA02D7526A37F4DAA1CE /* Pods_Yard_SaleUITests.framework in Frameworks */,
			);
			runOnlyForDeploymentPostprocessing = 0;
		};
/* End PBXFrameworksBuildPhase section */

/* Begin PBXGroup section */
		061FF05D1E7ED5FE0075F033 = {
			isa = PBXGroup;
			children = (
				061FF0681E7ED5FF0075F033 /* Yard Sale */,
				061FF07D1E7ED5FF0075F033 /* Yard SaleTests */,
				061FF0881E7ED5FF0075F033 /* Yard SaleUITests */,
				061FF0671E7ED5FF0075F033 /* Products */,
				835E0D75BD8D2ED5F49355D5 /* Pods */,
				978134E0C9853DD2250DD5CF /* Frameworks */,
			);
			sourceTree = "<group>";
		};
		061FF0671E7ED5FF0075F033 /* Products */ = {
			isa = PBXGroup;
			children = (
				061FF0661E7ED5FF0075F033 /* Yard Sale.app */,
				061FF07A1E7ED5FF0075F033 /* Yard SaleTests.xctest */,
				061FF0851E7ED5FF0075F033 /* Yard SaleUITests.xctest */,
			);
			name = Products;
			sourceTree = "<group>";
		};
		061FF0681E7ED5FF0075F033 /* Yard Sale */ = {
			isa = PBXGroup;
			children = (
				061FF0691E7ED5FF0075F033 /* AppDelegate.swift */,
				061FF09C1E7F1C710075F033 /* Utility */,
				061FF09A1E7F1C550075F033 /* Model */,
				061FF0991E7F1C4D0075F033 /* Controllers */,
				061FF09B1E7F1C5F0075F033 /* Views */,
				065EA8D51E84137100CA09F4 /* Layout */,
				061FF0971E7EDAC90075F033 /* Assets */,
				061FF0981E7EDAD00075F033 /* Supporting Files */,
			);
			path = "Yard Sale";
			sourceTree = "<group>";
		};
		061FF07D1E7ED5FF0075F033 /* Yard SaleTests */ = {
			isa = PBXGroup;
			children = (
				061FF07E1E7ED5FF0075F033 /* Yard_SaleTests.swift */,
				061FF0801E7ED5FF0075F033 /* Info.plist */,
			);
			path = "Yard SaleTests";
			sourceTree = "<group>";
		};
		061FF0881E7ED5FF0075F033 /* Yard SaleUITests */ = {
			isa = PBXGroup;
			children = (
				061FF0891E7ED5FF0075F033 /* Yard_SaleUITests.swift */,
				061FF08B1E7ED5FF0075F033 /* Info.plist */,
			);
			path = "Yard SaleUITests";
			sourceTree = "<group>";
		};
		061FF0971E7EDAC90075F033 /* Assets */ = {
			isa = PBXGroup;
			children = (
				061FF0701E7ED5FF0075F033 /* Assets.xcassets */,
			);
			name = Assets;
			sourceTree = "<group>";
		};
		061FF0981E7EDAD00075F033 /* Supporting Files */ = {
			isa = PBXGroup;
			children = (
				061FF0751E7ED5FF0075F033 /* Info.plist */,
				06A44B531E808380007ECDC0 /* GoogleService-Info.plist */,
			);
			name = "Supporting Files";
			sourceTree = "<group>";
		};
		061FF0991E7F1C4D0075F033 /* Controllers */ = {
			isa = PBXGroup;
			children = (
				065EA8CF1E815C3400CA09F4 /* LoginViewController.swift */,
				065EA8D11E815C4D00CA09F4 /* ResetPasswordViewController.swift */,
				06E86F4B1E855D8D009E3D75 /* MenuViewController.swift */,
				06E86F4D1E855E60009E3D75 /* BaseViewController.swift */,
				061FF06B1E7ED5FF0075F033 /* MainViewController.swift */,
			);
			name = Controllers;
			sourceTree = "<group>";
		};
		061FF09A1E7F1C550075F033 /* Model */ = {
			isa = PBXGroup;
			children = (
				065EA8D31E8412F900CA09F4 /* User.swift */,
			);
			name = Model;
			sourceTree = "<group>";
		};
		061FF09B1E7F1C5F0075F033 /* Views */ = {
			isa = PBXGroup;
			children = (
				06F6B7151E859D66009277DE /* EventTableViewCell.swift */,
			);
			name = Views;
			sourceTree = "<group>";
		};
		061FF09C1E7F1C710075F033 /* Utility */ = {
			isa = PBXGroup;
			children = (
				065DBC251E8431B8002FE5E6 /* Utility.swift */,
			);
			name = Utility;
			sourceTree = "<group>";
		};
		065EA8D51E84137100CA09F4 /* Layout */ = {
			isa = PBXGroup;
			children = (
				061FF06D1E7ED5FF0075F033 /* Main.storyboard */,
				061FF0721E7ED5FF0075F033 /* LaunchScreen.storyboard */,
			);
			name = Layout;
			sourceTree = "<group>";
		};
		835E0D75BD8D2ED5F49355D5 /* Pods */ = {
			isa = PBXGroup;
			children = (
				F896DD8403579E103020CD16 /* Pods-Yard Sale.debug.xcconfig */,
				F6E601D115674BFB3AD44103 /* Pods-Yard Sale.release.xcconfig */,
				67F2EBF0BE4790C51E97CD54 /* Pods-Yard SaleTests.debug.xcconfig */,
				A172870025ABAA9E171632A2 /* Pods-Yard SaleTests.release.xcconfig */,
				197B33F84B91DB4F3471D44F /* Pods-Yard SaleUITests.debug.xcconfig */,
				3731C5412FF82B366F8826BC /* Pods-Yard SaleUITests.release.xcconfig */,
			);
			name = Pods;
			sourceTree = "<group>";
		};
		978134E0C9853DD2250DD5CF /* Frameworks */ = {
			isa = PBXGroup;
			children = (
				065EA8D61E8413D100CA09F4 /* Foundation.framework */,
				065EA8D71E8413D100CA09F4 /* Security.framework */,
				12F91F444C7A938EACA6AE3D /* Pods_Yard_Sale.framework */,
				85969B8D32E85771FD84BB2E /* Pods_Yard_SaleTests.framework */,
				8F67BBF3D063DDA42386B4DF /* Pods_Yard_SaleUITests.framework */,
			);
			name = Frameworks;
			sourceTree = "<group>";
		};
/* End PBXGroup section */

/* Begin PBXNativeTarget section */
		061FF0651E7ED5FE0075F033 /* Yard Sale */ = {
			isa = PBXNativeTarget;
			buildConfigurationList = 061FF08E1E7ED5FF0075F033 /* Build configuration list for PBXNativeTarget "Yard Sale" */;
			buildPhases = (
				987EA1991B453F23021E2842 /* [CP] Check Pods Manifest.lock */,
				061FF0621E7ED5FE0075F033 /* Sources */,
				061FF0631E7ED5FE0075F033 /* Frameworks */,
				061FF0641E7ED5FE0075F033 /* Resources */,
				06A44B4F1E7F4ABB007ECDC0 /* Embed Frameworks */,
				244942556386257F181F6E7F /* [CP] Embed Pods Frameworks */,
				41B86008FA192991F9E0D59F /* [CP] Copy Pods Resources */,
			);
			buildRules = (
			);
			dependencies = (
			);
			name = "Yard Sale";
			productName = "Yard Sale";
			productReference = 061FF0661E7ED5FF0075F033 /* Yard Sale.app */;
			productType = "com.apple.product-type.application";
		};
		061FF0791E7ED5FF0075F033 /* Yard SaleTests */ = {
			isa = PBXNativeTarget;
			buildConfigurationList = 061FF0911E7ED5FF0075F033 /* Build configuration list for PBXNativeTarget "Yard SaleTests" */;
			buildPhases = (
				6F77ED511BFD9D2F0CF626C9 /* [CP] Check Pods Manifest.lock */,
				061FF0761E7ED5FF0075F033 /* Sources */,
				061FF0771E7ED5FF0075F033 /* Frameworks */,
				061FF0781E7ED5FF0075F033 /* Resources */,
				89110F95AB29B685E255813A /* [CP] Embed Pods Frameworks */,
				498CF1D8D70E657A75DC8DF3 /* [CP] Copy Pods Resources */,
			);
			buildRules = (
			);
			dependencies = (
				061FF07C1E7ED5FF0075F033 /* PBXTargetDependency */,
			);
			name = "Yard SaleTests";
			productName = "Yard SaleTests";
			productReference = 061FF07A1E7ED5FF0075F033 /* Yard SaleTests.xctest */;
			productType = "com.apple.product-type.bundle.unit-test";
		};
		061FF0841E7ED5FF0075F033 /* Yard SaleUITests */ = {
			isa = PBXNativeTarget;
			buildConfigurationList = 061FF0941E7ED5FF0075F033 /* Build configuration list for PBXNativeTarget "Yard SaleUITests" */;
			buildPhases = (
				C3BAF89FAB4A308486DE2294 /* [CP] Check Pods Manifest.lock */,
				061FF0811E7ED5FF0075F033 /* Sources */,
				061FF0821E7ED5FF0075F033 /* Frameworks */,
				061FF0831E7ED5FF0075F033 /* Resources */,
				3F3567BEB39ED20741B3D439 /* [CP] Embed Pods Frameworks */,
				75B9239028B893DFEB0145A8 /* [CP] Copy Pods Resources */,
			);
			buildRules = (
			);
			dependencies = (
				061FF0871E7ED5FF0075F033 /* PBXTargetDependency */,
			);
			name = "Yard SaleUITests";
			productName = "Yard SaleUITests";
			productReference = 061FF0851E7ED5FF0075F033 /* Yard SaleUITests.xctest */;
			productType = "com.apple.product-type.bundle.ui-testing";
		};
/* End PBXNativeTarget section */

/* Begin PBXProject section */
		061FF05E1E7ED5FE0075F033 /* Project object */ = {
			isa = PBXProject;
			attributes = {
				LastSwiftUpdateCheck = 0820;
				LastUpgradeCheck = 0820;
				ORGANIZATIONNAME = "Cedeno Enterprises, Inc";
				TargetAttributes = {
					061FF0651E7ED5FE0075F033 = {
						CreatedOnToolsVersion = 8.2.1;
						DevelopmentTeam = HC236JEG46;
						ProvisioningStyle = Automatic;
					};
					061FF0791E7ED5FF0075F033 = {
						CreatedOnToolsVersion = 8.2.1;
						DevelopmentTeam = HC236JEG46;
						ProvisioningStyle = Automatic;
						TestTargetID = 061FF0651E7ED5FE0075F033;
					};
					061FF0841E7ED5FF0075F033 = {
						CreatedOnToolsVersion = 8.2.1;
						DevelopmentTeam = HC236JEG46;
						ProvisioningStyle = Automatic;
						TestTargetID = 061FF0651E7ED5FE0075F033;
					};
				};
			};
			buildConfigurationList = 061FF0611E7ED5FE0075F033 /* Build configuration list for PBXProject "Yard Sale" */;
			compatibilityVersion = "Xcode 3.2";
			developmentRegion = English;
			hasScannedForEncodings = 0;
			knownRegions = (
				en,
				Base,
			);
			mainGroup = 061FF05D1E7ED5FE0075F033;
			productRefGroup = 061FF0671E7ED5FF0075F033 /* Products */;
			projectDirPath = "";
			projectRoot = "";
			targets = (
				061FF0651E7ED5FE0075F033 /* Yard Sale */,
				061FF0791E7ED5FF0075F033 /* Yard SaleTests */,
				061FF0841E7ED5FF0075F033 /* Yard SaleUITests */,
			);
		};
/* End PBXProject section */

/* Begin PBXResourcesBuildPhase section */
		061FF0641E7ED5FE0075F033 /* Resources */ = {
			isa = PBXResourcesBuildPhase;
			buildActionMask = 2147483647;
			files = (
				061FF0741E7ED5FF0075F033 /* LaunchScreen.storyboard in Resources */,
				06A44B541E808380007ECDC0 /* GoogleService-Info.plist in Resources */,
				061FF0711E7ED5FF0075F033 /* Assets.xcassets in Resources */,
				061FF06F1E7ED5FF0075F033 /* Main.storyboard in Resources */,
			);
			runOnlyForDeploymentPostprocessing = 0;
		};
		061FF0781E7ED5FF0075F033 /* Resources */ = {
			isa = PBXResourcesBuildPhase;
			buildActionMask = 2147483647;
			files = (
			);
			runOnlyForDeploymentPostprocessing = 0;
		};
		061FF0831E7ED5FF0075F033 /* Resources */ = {
			isa = PBXResourcesBuildPhase;
			buildActionMask = 2147483647;
			files = (
			);
			runOnlyForDeploymentPostprocessing = 0;
		};
/* End PBXResourcesBuildPhase section */

/* Begin PBXShellScriptBuildPhase section */
		244942556386257F181F6E7F /* [CP] Embed Pods Frameworks */ = {
			isa = PBXShellScriptBuildPhase;
			buildActionMask = 2147483647;
			files = (
			);
			inputPaths = (
			);
			name = "[CP] Embed Pods Frameworks";
			outputPaths = (
			);
			runOnlyForDeploymentPostprocessing = 0;
			shellPath = /bin/sh;
			shellScript = "\"${SRCROOT}/Pods/Target Support Files/Pods-Yard Sale/Pods-Yard Sale-frameworks.sh\"\n";
			showEnvVarsInLog = 0;
		};
		3F3567BEB39ED20741B3D439 /* [CP] Embed Pods Frameworks */ = {
			isa = PBXShellScriptBuildPhase;
			buildActionMask = 2147483647;
			files = (
			);
			inputPaths = (
			);
			name = "[CP] Embed Pods Frameworks";
			outputPaths = (
			);
			runOnlyForDeploymentPostprocessing = 0;
			shellPath = /bin/sh;
			shellScript = "\"${SRCROOT}/Pods/Target Support Files/Pods-Yard SaleUITests/Pods-Yard SaleUITests-frameworks.sh\"\n";
			showEnvVarsInLog = 0;
		};
		41B86008FA192991F9E0D59F /* [CP] Copy Pods Resources */ = {
			isa = PBXShellScriptBuildPhase;
			buildActionMask = 2147483647;
			files = (
			);
			inputPaths = (
			);
			name = "[CP] Copy Pods Resources";
			outputPaths = (
			);
			runOnlyForDeploymentPostprocessing = 0;
			shellPath = /bin/sh;
			shellScript = "\"${SRCROOT}/Pods/Target Support Files/Pods-Yard Sale/Pods-Yard Sale-resources.sh\"\n";
			showEnvVarsInLog = 0;
		};
		498CF1D8D70E657A75DC8DF3 /* [CP] Copy Pods Resources */ = {
			isa = PBXShellScriptBuildPhase;
			buildActionMask = 2147483647;
			files = (
			);
			inputPaths = (
			);
			name = "[CP] Copy Pods Resources";
			outputPaths = (
			);
			runOnlyForDeploymentPostprocessing = 0;
			shellPath = /bin/sh;
			shellScript = "\"${SRCROOT}/Pods/Target Support Files/Pods-Yard SaleTests/Pods-Yard SaleTests-resources.sh\"\n";
			showEnvVarsInLog = 0;
		};
		6F77ED511BFD9D2F0CF626C9 /* [CP] Check Pods Manifest.lock */ = {
			isa = PBXShellScriptBuildPhase;
			buildActionMask = 2147483647;
			files = (
			);
			inputPaths = (
			);
			name = "[CP] Check Pods Manifest.lock";
			outputPaths = (
			);
			runOnlyForDeploymentPostprocessing = 0;
			shellPath = /bin/sh;
			shellScript = "diff \"${PODS_ROOT}/../Podfile.lock\" \"${PODS_ROOT}/Manifest.lock\" > /dev/null\nif [ $? != 0 ] ; then\n    # print error to STDERR\n    echo \"error: The sandbox is not in sync with the Podfile.lock. Run 'pod install' or update your CocoaPods installation.\" >&2\n    exit 1\nfi\n";
			showEnvVarsInLog = 0;
		};
		75B9239028B893DFEB0145A8 /* [CP] Copy Pods Resources */ = {
			isa = PBXShellScriptBuildPhase;
			buildActionMask = 2147483647;
			files = (
			);
			inputPaths = (
			);
			name = "[CP] Copy Pods Resources";
			outputPaths = (
			);
			runOnlyForDeploymentPostprocessing = 0;
			shellPath = /bin/sh;
			shellScript = "\"${SRCROOT}/Pods/Target Support Files/Pods-Yard SaleUITests/Pods-Yard SaleUITests-resources.sh\"\n";
			showEnvVarsInLog = 0;
		};
		89110F95AB29B685E255813A /* [CP] Embed Pods Frameworks */ = {
			isa = PBXShellScriptBuildPhase;
			buildActionMask = 2147483647;
			files = (
			);
			inputPaths = (
			);
			name = "[CP] Embed Pods Frameworks";
			outputPaths = (
			);
			runOnlyForDeploymentPostprocessing = 0;
			shellPath = /bin/sh;
			shellScript = "\"${SRCROOT}/Pods/Target Support Files/Pods-Yard SaleTests/Pods-Yard SaleTests-frameworks.sh\"\n";
			showEnvVarsInLog = 0;
		};
		987EA1991B453F23021E2842 /* [CP] Check Pods Manifest.lock */ = {
			isa = PBXShellScriptBuildPhase;
			buildActionMask = 2147483647;
			files = (
			);
			inputPaths = (
			);
			name = "[CP] Check Pods Manifest.lock";
			outputPaths = (
			);
			runOnlyForDeploymentPostprocessing = 0;
			shellPath = /bin/sh;
			shellScript = "diff \"${PODS_ROOT}/../Podfile.lock\" \"${PODS_ROOT}/Manifest.lock\" > /dev/null\nif [ $? != 0 ] ; then\n    # print error to STDERR\n    echo \"error: The sandbox is not in sync with the Podfile.lock. Run 'pod install' or update your CocoaPods installation.\" >&2\n    exit 1\nfi\n";
			showEnvVarsInLog = 0;
		};
		C3BAF89FAB4A308486DE2294 /* [CP] Check Pods Manifest.lock */ = {
			isa = PBXShellScriptBuildPhase;
			buildActionMask = 2147483647;
			files = (
			);
			inputPaths = (
			);
			name = "[CP] Check Pods Manifest.lock";
			outputPaths = (
			);
			runOnlyForDeploymentPostprocessing = 0;
			shellPath = /bin/sh;
			shellScript = "diff \"${PODS_ROOT}/../Podfile.lock\" \"${PODS_ROOT}/Manifest.lock\" > /dev/null\nif [ $? != 0 ] ; then\n    # print error to STDERR\n    echo \"error: The sandbox is not in sync with the Podfile.lock. Run 'pod install' or update your CocoaPods installation.\" >&2\n    exit 1\nfi\n";
			showEnvVarsInLog = 0;
		};
/* End PBXShellScriptBuildPhase section */

/* Begin PBXSourcesBuildPhase section */
		061FF0621E7ED5FE0075F033 /* Sources */ = {
			isa = PBXSourcesBuildPhase;
			buildActionMask = 2147483647;
			files = (
				06F6B7161E859D66009277DE /* EventTableViewCell.swift in Sources */,
				065DBC261E8431B8002FE5E6 /* Utility.swift in Sources */,
				065EA8D01E815C3400CA09F4 /* LoginViewController.swift in Sources */,
				065EA8D41E8412F900CA09F4 /* User.swift in Sources */,
				06E86F4C1E855D8D009E3D75 /* MenuViewController.swift in Sources */,
				065EA8D21E815C4D00CA09F4 /* ResetPasswordViewController.swift in Sources */,
				06E86F4E1E855E60009E3D75 /* BaseViewController.swift in Sources */,
				061FF06C1E7ED5FF0075F033 /* MainViewController.swift in Sources */,
				061FF06A1E7ED5FF0075F033 /* AppDelegate.swift in Sources */,
			);
			runOnlyForDeploymentPostprocessing = 0;
		};
		061FF0761E7ED5FF0075F033 /* Sources */ = {
			isa = PBXSourcesBuildPhase;
			buildActionMask = 2147483647;
			files = (
				061FF07F1E7ED5FF0075F033 /* Yard_SaleTests.swift in Sources */,
			);
			runOnlyForDeploymentPostprocessing = 0;
		};
		061FF0811E7ED5FF0075F033 /* Sources */ = {
			isa = PBXSourcesBuildPhase;
			buildActionMask = 2147483647;
			files = (
				061FF08A1E7ED5FF0075F033 /* Yard_SaleUITests.swift in Sources */,
			);
			runOnlyForDeploymentPostprocessing = 0;
		};
/* End PBXSourcesBuildPhase section */

/* Begin PBXTargetDependency section */
		061FF07C1E7ED5FF0075F033 /* PBXTargetDependency */ = {
			isa = PBXTargetDependency;
			target = 061FF0651E7ED5FE0075F033 /* Yard Sale */;
			targetProxy = 061FF07B1E7ED5FF0075F033 /* PBXContainerItemProxy */;
		};
		061FF0871E7ED5FF0075F033 /* PBXTargetDependency */ = {
			isa = PBXTargetDependency;
			target = 061FF0651E7ED5FE0075F033 /* Yard Sale */;
			targetProxy = 061FF0861E7ED5FF0075F033 /* PBXContainerItemProxy */;
		};
/* End PBXTargetDependency section */

/* Begin PBXVariantGroup section */
		061FF06D1E7ED5FF0075F033 /* Main.storyboard */ = {
			isa = PBXVariantGroup;
			children = (
				061FF06E1E7ED5FF0075F033 /* Base */,
			);
			name = Main.storyboard;
			sourceTree = "<group>";
		};
		061FF0721E7ED5FF0075F033 /* LaunchScreen.storyboard */ = {
			isa = PBXVariantGroup;
			children = (
				061FF0731E7ED5FF0075F033 /* Base */,
			);
			name = LaunchScreen.storyboard;
			sourceTree = "<group>";
		};
/* End PBXVariantGroup section */

/* Begin XCBuildConfiguration section */
		061FF08C1E7ED5FF0075F033 /* Debug */ = {
			isa = XCBuildConfiguration;
			buildSettings = {
				ALWAYS_SEARCH_USER_PATHS = NO;
				CLANG_ANALYZER_NONNULL = YES;
				CLANG_CXX_LANGUAGE_STANDARD = "gnu++0x";
				CLANG_CXX_LIBRARY = "libc++";
				CLANG_ENABLE_MODULES = YES;
				CLANG_ENABLE_OBJC_ARC = YES;
				CLANG_WARN_BOOL_CONVERSION = YES;
				CLANG_WARN_CONSTANT_CONVERSION = YES;
				CLANG_WARN_DIRECT_OBJC_ISA_USAGE = YES_ERROR;
				CLANG_WARN_DOCUMENTATION_COMMENTS = YES;
				CLANG_WARN_EMPTY_BODY = YES;
				CLANG_WARN_ENUM_CONVERSION = YES;
				CLANG_WARN_INFINITE_RECURSION = YES;
				CLANG_WARN_INT_CONVERSION = YES;
				CLANG_WARN_OBJC_ROOT_CLASS = YES_ERROR;
				CLANG_WARN_SUSPICIOUS_MOVE = YES;
				CLANG_WARN_UNREACHABLE_CODE = YES;
				CLANG_WARN__DUPLICATE_METHOD_MATCH = YES;
				"CODE_SIGN_IDENTITY[sdk=iphoneos*]" = "iPhone Developer";
				COPY_PHASE_STRIP = NO;
				DEBUG_INFORMATION_FORMAT = dwarf;
				ENABLE_STRICT_OBJC_MSGSEND = YES;
				ENABLE_TESTABILITY = YES;
				GCC_C_LANGUAGE_STANDARD = gnu99;
				GCC_DYNAMIC_NO_PIC = NO;
				GCC_NO_COMMON_BLOCKS = YES;
				GCC_OPTIMIZATION_LEVEL = 0;
				GCC_PREPROCESSOR_DEFINITIONS = (
					"DEBUG=1",
					"$(inherited)",
				);
				GCC_WARN_64_TO_32_BIT_CONVERSION = YES;
				GCC_WARN_ABOUT_RETURN_TYPE = YES_ERROR;
				GCC_WARN_UNDECLARED_SELECTOR = YES;
				GCC_WARN_UNINITIALIZED_AUTOS = YES_AGGRESSIVE;
				GCC_WARN_UNUSED_FUNCTION = YES;
				GCC_WARN_UNUSED_VARIABLE = YES;
				IPHONEOS_DEPLOYMENT_TARGET = 10.2;
				MTL_ENABLE_DEBUG_INFO = YES;
				ONLY_ACTIVE_ARCH = YES;
				SDKROOT = iphoneos;
				SWIFT_ACTIVE_COMPILATION_CONDITIONS = DEBUG;
				SWIFT_OPTIMIZATION_LEVEL = "-Onone";
			};
			name = Debug;
		};
		061FF08D1E7ED5FF0075F033 /* Release */ = {
			isa = XCBuildConfiguration;
			buildSettings = {
				ALWAYS_SEARCH_USER_PATHS = NO;
				CLANG_ANALYZER_NONNULL = YES;
				CLANG_CXX_LANGUAGE_STANDARD = "gnu++0x";
				CLANG_CXX_LIBRARY = "libc++";
				CLANG_ENABLE_MODULES = YES;
				CLANG_ENABLE_OBJC_ARC = YES;
				CLANG_WARN_BOOL_CONVERSION = YES;
				CLANG_WARN_CONSTANT_CONVERSION = YES;
				CLANG_WARN_DIRECT_OBJC_ISA_USAGE = YES_ERROR;
				CLANG_WARN_DOCUMENTATION_COMMENTS = YES;
				CLANG_WARN_EMPTY_BODY = YES;
				CLANG_WARN_ENUM_CONVERSION = YES;
				CLANG_WARN_INFINITE_RECURSION = YES;
				CLANG_WARN_INT_CONVERSION = YES;
				CLANG_WARN_OBJC_ROOT_CLASS = YES_ERROR;
				CLANG_WARN_SUSPICIOUS_MOVE = YES;
				CLANG_WARN_UNREACHABLE_CODE = YES;
				CLANG_WARN__DUPLICATE_METHOD_MATCH = YES;
				"CODE_SIGN_IDENTITY[sdk=iphoneos*]" = "iPhone Developer";
				COPY_PHASE_STRIP = NO;
				DEBUG_INFORMATION_FORMAT = "dwarf-with-dsym";
				ENABLE_NS_ASSERTIONS = NO;
				ENABLE_STRICT_OBJC_MSGSEND = YES;
				GCC_C_LANGUAGE_STANDARD = gnu99;
				GCC_NO_COMMON_BLOCKS = YES;
				GCC_WARN_64_TO_32_BIT_CONVERSION = YES;
				GCC_WARN_ABOUT_RETURN_TYPE = YES_ERROR;
				GCC_WARN_UNDECLARED_SELECTOR = YES;
				GCC_WARN_UNINITIALIZED_AUTOS = YES_AGGRESSIVE;
				GCC_WARN_UNUSED_FUNCTION = YES;
				GCC_WARN_UNUSED_VARIABLE = YES;
				IPHONEOS_DEPLOYMENT_TARGET = 10.2;
				MTL_ENABLE_DEBUG_INFO = NO;
				SDKROOT = iphoneos;
				SWIFT_OPTIMIZATION_LEVEL = "-Owholemodule";
				VALIDATE_PRODUCT = YES;
			};
			name = Release;
		};
		061FF08F1E7ED5FF0075F033 /* Debug */ = {
			isa = XCBuildConfiguration;
			baseConfigurationReference = F896DD8403579E103020CD16 /* Pods-Yard Sale.debug.xcconfig */;
			buildSettings = {
				ASSETCATALOG_COMPILER_APPICON_NAME = AppIcon;
				DEVELOPMENT_TEAM = HC236JEG46;
				FRAMEWORK_SEARCH_PATHS = (
					"$(inherited)",
					"$(PROJECT_DIR)",
				);
				INFOPLIST_FILE = "Yard Sale/Info.plist";
				LD_RUNPATH_SEARCH_PATHS = "$(inherited) @executable_path/Frameworks";
				PRODUCT_BUNDLE_IDENTIFIER = "CEI.Yard-Sale";
				PRODUCT_NAME = "$(TARGET_NAME)";
				SWIFT_VERSION = 3.0;
			};
			name = Debug;
		};
		061FF0901E7ED5FF0075F033 /* Release */ = {
			isa = XCBuildConfiguration;
			baseConfigurationReference = F6E601D115674BFB3AD44103 /* Pods-Yard Sale.release.xcconfig */;
			buildSettings = {
				ASSETCATALOG_COMPILER_APPICON_NAME = AppIcon;
				DEVELOPMENT_TEAM = HC236JEG46;
				FRAMEWORK_SEARCH_PATHS = (
					"$(inherited)",
					"$(PROJECT_DIR)",
				);
				INFOPLIST_FILE = "Yard Sale/Info.plist";
				LD_RUNPATH_SEARCH_PATHS = "$(inherited) @executable_path/Frameworks";
				PRODUCT_BUNDLE_IDENTIFIER = "CEI.Yard-Sale";
				PRODUCT_NAME = "$(TARGET_NAME)";
				SWIFT_VERSION = 3.0;
			};
			name = Release;
		};
		061FF0921E7ED5FF0075F033 /* Debug */ = {
			isa = XCBuildConfiguration;
			baseConfigurationReference = 67F2EBF0BE4790C51E97CD54 /* Pods-Yard SaleTests.debug.xcconfig */;
			buildSettings = {
				ALWAYS_EMBED_SWIFT_STANDARD_LIBRARIES = YES;
				BUNDLE_LOADER = "$(TEST_HOST)";
				DEVELOPMENT_TEAM = HC236JEG46;
				INFOPLIST_FILE = "Yard SaleTests/Info.plist";
				LD_RUNPATH_SEARCH_PATHS = "$(inherited) @executable_path/Frameworks @loader_path/Frameworks";
				PRODUCT_BUNDLE_IDENTIFIER = "CEI.Yard-SaleTests";
				PRODUCT_NAME = "$(TARGET_NAME)";
				SWIFT_VERSION = 3.0;
				TEST_HOST = "$(BUILT_PRODUCTS_DIR)/Yard Sale.app/Yard Sale";
			};
			name = Debug;
		};
		061FF0931E7ED5FF0075F033 /* Release */ = {
			isa = XCBuildConfiguration;
			baseConfigurationReference = A172870025ABAA9E171632A2 /* Pods-Yard SaleTests.release.xcconfig */;
			buildSettings = {
				ALWAYS_EMBED_SWIFT_STANDARD_LIBRARIES = YES;
				BUNDLE_LOADER = "$(TEST_HOST)";
				DEVELOPMENT_TEAM = HC236JEG46;
				INFOPLIST_FILE = "Yard SaleTests/Info.plist";
				LD_RUNPATH_SEARCH_PATHS = "$(inherited) @executable_path/Frameworks @loader_path/Frameworks";
				PRODUCT_BUNDLE_IDENTIFIER = "CEI.Yard-SaleTests";
				PRODUCT_NAME = "$(TARGET_NAME)";
				SWIFT_VERSION = 3.0;
				TEST_HOST = "$(BUILT_PRODUCTS_DIR)/Yard Sale.app/Yard Sale";
			};
			name = Release;
		};
		061FF0951E7ED5FF0075F033 /* Debug */ = {
			isa = XCBuildConfiguration;
			baseConfigurationReference = 197B33F84B91DB4F3471D44F /* Pods-Yard SaleUITests.debug.xcconfig */;
			buildSettings = {
				ALWAYS_EMBED_SWIFT_STANDARD_LIBRARIES = YES;
				DEVELOPMENT_TEAM = HC236JEG46;
				INFOPLIST_FILE = "Yard SaleUITests/Info.plist";
				LD_RUNPATH_SEARCH_PATHS = "$(inherited) @executable_path/Frameworks @loader_path/Frameworks";
				PRODUCT_BUNDLE_IDENTIFIER = "CEI.Yard-SaleUITests";
				PRODUCT_NAME = "$(TARGET_NAME)";
				SWIFT_VERSION = 3.0;
				TEST_TARGET_NAME = "Yard Sale";
			};
			name = Debug;
		};
		061FF0961E7ED5FF0075F033 /* Release */ = {
			isa = XCBuildConfiguration;
			baseConfigurationReference = 3731C5412FF82B366F8826BC /* Pods-Yard SaleUITests.release.xcconfig */;
			buildSettings = {
				ALWAYS_EMBED_SWIFT_STANDARD_LIBRARIES = YES;
				DEVELOPMENT_TEAM = HC236JEG46;
				INFOPLIST_FILE = "Yard SaleUITests/Info.plist";
				LD_RUNPATH_SEARCH_PATHS = "$(inherited) @executable_path/Frameworks @loader_path/Frameworks";
				PRODUCT_BUNDLE_IDENTIFIER = "CEI.Yard-SaleUITests";
				PRODUCT_NAME = "$(TARGET_NAME)";
				SWIFT_VERSION = 3.0;
				TEST_TARGET_NAME = "Yard Sale";
			};
			name = Release;
		};
/* End XCBuildConfiguration section */

/* Begin XCConfigurationList section */
		061FF0611E7ED5FE0075F033 /* Build configuration list for PBXProject "Yard Sale" */ = {
			isa = XCConfigurationList;
			buildConfigurations = (
				061FF08C1E7ED5FF0075F033 /* Debug */,
				061FF08D1E7ED5FF0075F033 /* Release */,
			);
			defaultConfigurationIsVisible = 0;
			defaultConfigurationName = Release;
		};
		061FF08E1E7ED5FF0075F033 /* Build configuration list for PBXNativeTarget "Yard Sale" */ = {
			isa = XCConfigurationList;
			buildConfigurations = (
				061FF08F1E7ED5FF0075F033 /* Debug */,
				061FF0901E7ED5FF0075F033 /* Release */,
			);
			defaultConfigurationIsVisible = 0;
			defaultConfigurationName = Release;
		};
		061FF0911E7ED5FF0075F033 /* Build configuration list for PBXNativeTarget "Yard SaleTests" */ = {
			isa = XCConfigurationList;
			buildConfigurations = (
				061FF0921E7ED5FF0075F033 /* Debug */,
				061FF0931E7ED5FF0075F033 /* Release */,
			);
			defaultConfigurationIsVisible = 0;
			defaultConfigurationName = Release;
		};
		061FF0941E7ED5FF0075F033 /* Build configuration list for PBXNativeTarget "Yard SaleUITests" */ = {
			isa = XCConfigurationList;
			buildConfigurations = (
				061FF0951E7ED5FF0075F033 /* Debug */,
				061FF0961E7ED5FF0075F033 /* Release */,
			);
			defaultConfigurationIsVisible = 0;
			defaultConfigurationName = Release;
		};
/* End XCConfigurationList section */
	};
	rootObject = 061FF05E1E7ED5FE0075F033 /* Project object */;
}
